
Microsoft Visual Studio Solution File, Format Version 12.00
# Visual Studio Version 16
VisualStudioVersion = 16.0.29519.181
MinimumVisualStudioVersion = 10.0.40219.1
Project("{9A19103F-16F7-4668-BE54-9A1E7A4F7556}") = "AdminLTE_Demo", "AdminLTE_Demo.csproj", "{A482BC0D-556D-435C-8591-19316E2EF175}"
EndProject
Global
	GlobalSection(SolutionConfigurationPlatforms) = preSolution
		Debug|Any CPU = Debug|Any CPU
		Release|Any CPU = Release|Any CPU
	EndGlobalSection
	GlobalSection(ProjectConfigurationPlatforms) = postSolution
		{A482BC0D-556D-435C-8591-19316E2EF175}.Debug|Any CPU.ActiveCfg = Debug|Any CPU
		{A482BC0D-556D-435C-8591-19316E2EF175}.Debug|Any CPU.Build.0 = Debug|Any CPU
		{A482BC0D-556D-435C-8591-19316E2EF175}.Release|Any CPU.ActiveCfg = Release|Any CPU
		{A482BC0D-556D-435C-8591-19316E2EF175}.Release|Any CPU.Build.0 = Release|Any CPU
	EndGlobalSection
	GlobalSection(SolutionProperties) = preSolution
		HideSolutionNode = FALSE
	EndGlobalSection
	GlobalSection(ExtensibilityGlobals) = postSolution
		SolutionGuid = {1176C464-97F9-4A39-9159-E6DEDBD4D837}
	EndGlobalSection
EndGlobal
